
Microsoft Visual Studio Solution File, Format Version 12.00
# Visual Studio Version 16
VisualStudioVersion = 16.0.30517.126
MinimumVisualStudioVersion = 10.0.40219.1
Project("{FAE04EC0-301F-11D3-BF4B-00C04F79EFBC}") = "TetrisGunFucker", "Tetris GunFucker\TetrisGunFucker.csproj", "{C3E5C8AB-8886-4055-8E8A-6DA1660E04B2}"
EndProject
Global
	GlobalSection(SolutionConfigurationPlatforms) = preSolution
		Debug|Any CPU = Debug|Any CPU
		Release|Any CPU = Release|Any CPU
	EndGlobalSection
	GlobalSection(ProjectConfigurationPlatforms) = postSolution
		{C3E5C8AB-8886-4055-8E8A-6DA1660E04B2}.Debug|Any CPU.ActiveCfg = Debug|Any CPU
		{C3E5C8AB-8886-4055-8E8A-6DA1660E04B2}.Debug|Any CPU.Build.0 = Debug|Any CPU
		{C3E5C8AB-8886-4055-8E8A-6DA1660E04B2}.Release|Any CPU.ActiveCfg = Release|Any CPU
		{C3E5C8AB-8886-4055-8E8A-6DA1660E04B2}.Release|Any CPU.Build.0 = Release|Any CPU
	EndGlobalSection
	GlobalSection(SolutionProperties) = preSolution
		HideSolutionNode = FALSE
	EndGlobalSection
	GlobalSection(ExtensibilityGlobals) = postSolution
		SolutionGuid = {050DBB98-7E32-4B61-9976-FC2D2EF9BB72}
	EndGlobalSection
EndGlobal
